Microsoft Visual Studio Solution File, Format Version 12.00
# Visual Studio 2012
Project("{FAE04EC0-301F-11D3-BF4B-00C04F79EFBC}") = "Beast of Mista", "Beast of Mista.csproj", "{300DCC28-CA5F-4B2A-A973-CD599C1DEDBD}"
EndProject
Global
	GlobalSection(SolutionConfigurationPlatforms) = preSolution
	Debug|Any CPU = Debug|Any CPU
	Release|Any CPU = Release|Any CPU
	Tools|Any CPU = Tools|Any CPU
	EndGlobalSection
	GlobalSection(ProjectConfigurationPlatforms) = postSolution
		{300DCC28-CA5F-4B2A-A973-CD599C1DEDBD}.Debug|Any CPU.ActiveCfg = Debug|Any CPU
		{300DCC28-CA5F-4B2A-A973-CD599C1DEDBD}.Debug|Any CPU.Build.0 = Debug|Any CPU
		{300DCC28-CA5F-4B2A-A973-CD599C1DEDBD}.Release|Any CPU.ActiveCfg = Release|Any CPU
		{300DCC28-CA5F-4B2A-A973-CD599C1DEDBD}.Release|Any CPU.Build.0 = Release|Any CPU
		{300DCC28-CA5F-4B2A-A973-CD599C1DEDBD}.Tools|Any CPU.ActiveCfg = Tools|Any CPU
		{300DCC28-CA5F-4B2A-A973-CD599C1DEDBD}.Tools|Any CPU.Build.0 = Tools|Any CPU
	EndGlobalSection
EndGlobal
